
Microsoft Visual Studio Solution File, Format Version 12.00
# Visual Studio 15
VisualStudioVersion = 15.0.26430.14
MinimumVisualStudioVersion = 10.0.40219.1
Project("{FAE04EC0-301F-11D3-BF4B-00C04F79EFBC}") = "DaBoLang.Nop.Plugin.Payments.AliPay", "DaBoLang.Nop.Plugin.Payments.AliPay.csproj", "{A2924FD5-C226-4373-926A-CA5240C25AE9}"
EndProject
Global
	GlobalSection(SolutionConfigurationPlatforms) = preSolution
		Debug|Any CPU = Debug|Any CPU
		Release|Any CPU = Release|Any CPU
	EndGlobalSection
	GlobalSection(ProjectConfigurationPlatforms) = postSolution
		{A2924FD5-C226-4373-926A-CA5240C25AE9}.Debug|Any CPU.ActiveCfg = Debug|Any CPU
		{A2924FD5-C226-4373-926A-CA5240C25AE9}.Debug|Any CPU.Build.0 = Debug|Any CPU
		{A2924FD5-C226-4373-926A-CA5240C25AE9}.Release|Any CPU.ActiveCfg = Release|Any CPU
		{A2924FD5-C226-4373-926A-CA5240C25AE9}.Release|Any CPU.Build.0 = Release|Any CPU
	EndGlobalSection
	GlobalSection(SolutionProperties) = preSolution
		HideSolutionNode = FALSE
	EndGlobalSection
EndGlobal
